<?xml version="1.0" encoding="utf-8"?>
<Project ToolsVersion="4.0" xmlns="http://schemas.microsoft.com/developer/msbuild/2003">
  <ItemGroup>
    <Filter Include="Quelldateien">
      <UniqueIdentifier>{4FC737F1-C7A5-4376-A066-2A32D752A2FF}</UniqueIdentifier>
      <Extensions>cpp;c;cc;cxx;c++;cppm;ixx;def;odl;idl;hpj;bat;asm;asmx</Extensions>
    </Filter>
    <Filter Include="Headerdateien">
      <UniqueIdentifier>{93995380-89BD-4b04-88EB-625FBE52EBFB}</UniqueIdentifier>
      <Extensions>h;hh;hpp;hxx;h++;hm;inl;inc;ipp;xsd</Extensions>
    </Filter>
    <Filter Include="Ressourcendateien">
      <UniqueIdentifier>{67DA6AB6-F800-4c08-8B7A-83BB121AAD01}</UniqueIdentifier>
      <Extensions>rc;ico;cur;bmp;dlg;rc2;rct;bin;rgs;gif;jpg;jpeg;jpe;resx;tiff;tif;png;wav;mfcribbon-ms</Extensions>
    </Filter>
  </ItemGroup>
  <ItemGroup>
    <ClCompile Include="dllmain.cpp">
      <Filter>Quelldateien</Filter>
    </ClCompile>
    <ClCompile Include="vendor\imgui\imgui.cpp">
      <Filter>Quelldateien</Filter>
    </ClCompile>
    <ClCompile Include="vendor\imgui\imgui_draw.cpp">
      <Filter>Quelldateien</Filter>
    </ClCompile>
    <ClCompile Include="vendor\imgui\imgui_impl_opengl2.cpp">
      <Filter>Quelldateien</Filter>
    </ClCompile>
    <ClCompile Include="vendor\imgui\imgui_tables.cpp">
      <Filter>Quelldateien</Filter>
    </ClCompile>
    <ClCompile Include="vendor\imgui\imgui_widgets.cpp">
      <Filter>Quelldateien</Filter>
    </ClCompile>
    <ClCompile Include="vendor\imgui\imgui_impl_win32.cpp">
      <Filter>Quelldateien</Filter>
    </ClCompile>
    <ClCompile Include="select_window.cpp">
      <Filter>Quelldateien</Filter>
    </ClCompile>
    <ClCompile Include="vendor\imgui\imgui_impl_opengl3.cpp">
      <Filter>Quelldateien</Filter>
    </ClCompile>
    <ClCompile Include="vendor\glad\glad.c">
      <Filter>Quelldateien</Filter>
    </ClCompile>
    <ClCompile Include="opengl_hook.cpp">
      <Filter>Quelldateien</Filter>
    </ClCompile>
    <ClCompile Include="globals.cpp">
      <Filter>Quelldateien</Filter>
    </ClCompile>
  </ItemGroup>
  <ItemGroup>
    <ClInclude Include="vendor\imgui\imgui.h">
      <Filter>Headerdateien</Filter>
    </ClInclude>
    <ClInclude Include="vendor\imgui\imgui_impl_opengl2.h">
      <Filter>Headerdateien</Filter>
    </ClInclude>
    <ClInclude Include="vendor\minhook\MinHook.h">
      <Filter>Headerdateien</Filter>
    </ClInclude>
    <ClInclude Include="vendor\imgui\imconfig.h">
      <Filter>Headerdateien</Filter>
    </ClInclude>
    <ClInclude Include="vendor\imgui\imgui_internal.h">
      <Filter>Headerdateien</Filter>
    </ClInclude>
    <ClInclude Include="vendor\imgui\imstb_rectpack.h">
      <Filter>Headerdateien</Filter>
    </ClInclude>
    <ClInclude Include="vendor\imgui\imstb_textedit.h">
      <Filter>Headerdateien</Filter>
    </ClInclude>
    <ClInclude Include="vendor\imgui\imstb_truetype.h">
      <Filter>Headerdateien</Filter>
    </ClInclude>
    <ClInclude Include="vendor\imgui\imgui_impl_win32.h">
      <Filter>Headerdateien</Filter>
    </ClInclude>
    <ClInclude Include="select_window.h">
      <Filter>Headerdateien</Filter>
    </ClInclude>
    <ClInclude Include="vendor\imgui\imgui_impl_opengl3.h">
      <Filter>Headerdateien</Filter>
    </ClInclude>
    <ClInclude Include="vendor\sdl\SDL.h">
      <Filter>Headerdateien</Filter>
    </ClInclude>
    <ClInclude Include="vendor\sdl\SDL_assert.h">
      <Filter>Headerdateien</Filter>
    </ClInclude>
    <ClInclude Include="vendor\sdl\SDL_asyncio.h">
      <Filter>Headerdateien</Filter>
    </ClInclude>
    <ClInclude Include="vendor\sdl\SDL_atomic.h">
      <Filter>Headerdateien</Filter>
    </ClInclude>
    <ClInclude Include="vendor\sdl\SDL_audio.h">
      <Filter>Headerdateien</Filter>
    </ClInclude>
    <ClInclude Include="vendor\sdl\SDL_begin_code.h">
      <Filter>Headerdateien</Filter>
    </ClInclude>
    <ClInclude Include="vendor\sdl\SDL_bits.h">
      <Filter>Headerdateien</Filter>
    </ClInclude>
    <ClInclude Include="vendor\sdl\SDL_blendmode.h">
      <Filter>Headerdateien</Filter>
    </ClInclude>
    <ClInclude Include="vendor\sdl\SDL_camera.h">
      <Filter>Headerdateien</Filter>
    </ClInclude>
    <ClInclude Include="vendor\sdl\SDL_clipboard.h">
      <Filter>Headerdateien</Filter>
    </ClInclude>
    <ClInclude Include="vendor\sdl\SDL_close_code.h">
      <Filter>Headerdateien</Filter>
    </ClInclude>
    <ClInclude Include="vendor\sdl\SDL_copying.h">
      <Filter>Headerdateien</Filter>
    </ClInclude>
    <ClInclude Include="vendor\sdl\SDL_cpuinfo.h">
      <Filter>Headerdateien</Filter>
    </ClInclude>
    <ClInclude Include="vendor\sdl\SDL_dialog.h">
      <Filter>Headerdateien</Filter>
    </ClInclude>
    <ClInclude Include="vendor\sdl\SDL_egl.h">
      <Filter>Headerdateien</Filter>
    </ClInclude>
    <ClInclude Include="vendor\sdl\SDL_endian.h">
      <Filter>Headerdateien</Filter>
    </ClInclude>
    <ClInclude Include="vendor\sdl\SDL_error.h">
      <Filter>Headerdateien</Filter>
    </ClInclude>
    <ClInclude Include="vendor\sdl\SDL_events.h">
      <Filter>Headerdateien</Filter>
    </ClInclude>
    <ClInclude Include="vendor\sdl\SDL_filesystem.h">
      <Filter>Headerdateien</Filter>
    </ClInclude>
    <ClInclude Include="vendor\sdl\SDL_gamepad.h">
      <Filter>Headerdateien</Filter>
    </ClInclude>
    <ClInclude Include="vendor\sdl\SDL_gpu.h">
      <Filter>Headerdateien</Filter>
    </ClInclude>
    <ClInclude Include="vendor\sdl\SDL_guid.h">
      <Filter>Headerdateien</Filter>
    </ClInclude>
    <ClInclude Include="vendor\sdl\SDL_haptic.h">
      <Filter>Headerdateien</Filter>
    </ClInclude>
    <ClInclude Include="vendor\sdl\SDL_hidapi.h">
      <Filter>Headerdateien</Filter>
    </ClInclude>
    <ClInclude Include="vendor\sdl\SDL_hints.h">
      <Filter>Headerdateien</Filter>
    </ClInclude>
    <ClInclude Include="vendor\sdl\SDL_init.h">
      <Filter>Headerdateien</Filter>
    </ClInclude>
    <ClInclude Include="vendor\sdl\SDL_intrin.h">
      <Filter>Headerdateien</Filter>
    </ClInclude>
    <ClInclude Include="vendor\sdl\SDL_iostream.h">
      <Filter>Headerdateien</Filter>
    </ClInclude>
    <ClInclude Include="vendor\sdl\SDL_joystick.h">
      <Filter>Headerdateien</Filter>
    </ClInclude>
    <ClInclude Include="vendor\sdl\SDL_keyboard.h">
      <Filter>Headerdateien</Filter>
    </ClInclude>
    <ClInclude Include="vendor\sdl\SDL_keycode.h">
      <Filter>Headerdateien</Filter>
    </ClInclude>
    <ClInclude Include="vendor\sdl\SDL_loadso.h">
      <Filter>Headerdateien</Filter>
    </ClInclude>
    <ClInclude Include="vendor\sdl\SDL_locale.h">
      <Filter>Headerdateien</Filter>
    </ClInclude>
    <ClInclude Include="vendor\sdl\SDL_log.h">
      <Filter>Headerdateien</Filter>
    </ClInclude>
    <ClInclude Include="vendor\sdl\SDL_main.h">
      <Filter>Headerdateien</Filter>
    </ClInclude>
    <ClInclude Include="vendor\sdl\SDL_main_impl.h">
      <Filter>Headerdateien</Filter>
    </ClInclude>
    <ClInclude Include="vendor\sdl\SDL_messagebox.h">
      <Filter>Headerdateien</Filter>
    </ClInclude>
    <ClInclude Include="vendor\sdl\SDL_metal.h">
      <Filter>Headerdateien</Filter>
    </ClInclude>
    <ClInclude Include="vendor\sdl\SDL_misc.h">
      <Filter>Headerdateien</Filter>
    </ClInclude>
    <ClInclude Include="vendor\sdl\SDL_mouse.h">
      <Filter>Headerdateien</Filter>
    </ClInclude>
    <ClInclude Include="vendor\sdl\SDL_mutex.h">
      <Filter>Headerdateien</Filter>
    </ClInclude>
    <ClInclude Include="vendor\sdl\SDL_oldnames.h">
      <Filter>Headerdateien</Filter>
    </ClInclude>
    <ClInclude Include="vendor\sdl\SDL_opengl.h">
      <Filter>Headerdateien</Filter>
    </ClInclude>
    <ClInclude Include="vendor\sdl\SDL_opengl_glext.h">
      <Filter>Headerdateien</Filter>
    </ClInclude>
    <ClInclude Include="vendor\sdl\SDL_opengles.h">
      <Filter>Headerdateien</Filter>
    </ClInclude>
    <ClInclude Include="vendor\sdl\SDL_opengles2.h">
      <Filter>Headerdateien</Filter>
    </ClInclude>
    <ClInclude Include="vendor\sdl\SDL_opengles2_gl2.h">
      <Filter>Headerdateien</Filter>
    </ClInclude>
    <ClInclude Include="vendor\sdl\SDL_opengles2_gl2ext.h">
      <Filter>Headerdateien</Filter>
    </ClInclude>
    <ClInclude Include="vendor\sdl\SDL_opengles2_gl2platform.h">
      <Filter>Headerdateien</Filter>
    </ClInclude>
    <ClInclude Include="vendor\sdl\SDL_opengles2_khrplatform.h">
      <Filter>Headerdateien</Filter>
    </ClInclude>
    <ClInclude Include="vendor\sdl\SDL_pen.h">
      <Filter>Headerdateien</Filter>
    </ClInclude>
    <ClInclude Include="vendor\sdl\SDL_pixels.h">
      <Filter>Headerdateien</Filter>
    </ClInclude>
    <ClInclude Include="vendor\sdl\SDL_platform.h">
      <Filter>Headerdateien</Filter>
    </ClInclude>
    <ClInclude Include="vendor\sdl\SDL_platform_defines.h">
      <Filter>Headerdateien</Filter>
    </ClInclude>
    <ClInclude Include="vendor\sdl\SDL_power.h">
      <Filter>Headerdateien</Filter>
    </ClInclude>
    <ClInclude Include="vendor\sdl\SDL_process.h">
      <Filter>Headerdateien</Filter>
    </ClInclude>
    <ClInclude Include="vendor\sdl\SDL_properties.h">
      <Filter>Headerdateien</Filter>
    </ClInclude>
    <ClInclude Include="vendor\sdl\SDL_rect.h">
      <Filter>Headerdateien</Filter>
    </ClInclude>
    <ClInclude Include="vendor\sdl\SDL_render.h">
      <Filter>Headerdateien</Filter>
    </ClInclude>
    <ClInclude Include="vendor\sdl\SDL_revision.h">
      <Filter>Headerdateien</Filter>
    </ClInclude>
    <ClInclude Include="vendor\sdl\SDL_scancode.h">
      <Filter>Headerdateien</Filter>
    </ClInclude>
    <ClInclude Include="vendor\sdl\SDL_sensor.h">
      <Filter>Headerdateien</Filter>
    </ClInclude>
    <ClInclude Include="vendor\sdl\SDL_stdinc.h">
      <Filter>Headerdateien</Filter>
    </ClInclude>
    <ClInclude Include="vendor\sdl\SDL_storage.h">
      <Filter>Headerdateien</Filter>
    </ClInclude>
    <ClInclude Include="vendor\sdl\SDL_surface.h">
      <Filter>Headerdateien</Filter>
    </ClInclude>
    <ClInclude Include="vendor\sdl\SDL_system.h">
      <Filter>Headerdateien</Filter>
    </ClInclude>
    <ClInclude Include="vendor\sdl\SDL_test.h">
      <Filter>Headerdateien</Filter>
    </ClInclude>
    <ClInclude Include="vendor\sdl\SDL_test_assert.h">
      <Filter>Headerdateien</Filter>
    </ClInclude>
    <ClInclude Include="vendor\sdl\SDL_test_common.h">
      <Filter>Headerdateien</Filter>
    </ClInclude>
    <ClInclude Include="vendor\sdl\SDL_test_compare.h">
      <Filter>Headerdateien</Filter>
    </ClInclude>
    <ClInclude Include="vendor\sdl\SDL_test_crc32.h">
      <Filter>Headerdateien</Filter>
    </ClInclude>
    <ClInclude Include="vendor\sdl\SDL_test_font.h">
      <Filter>Headerdateien</Filter>
    </ClInclude>
    <ClInclude Include="vendor\sdl\SDL_test_fuzzer.h">
      <Filter>Headerdateien</Filter>
    </ClInclude>
    <ClInclude Include="vendor\sdl\SDL_test_harness.h">
      <Filter>Headerdateien</Filter>
    </ClInclude>
    <ClInclude Include="vendor\sdl\SDL_test_log.h">
      <Filter>Headerdateien</Filter>
    </ClInclude>
    <ClInclude Include="vendor\sdl\SDL_test_md5.h">
      <Filter>Headerdateien</Filter>
    </ClInclude>
    <ClInclude Include="vendor\sdl\SDL_test_memory.h">
      <Filter>Headerdateien</Filter>
    </ClInclude>
    <ClInclude Include="vendor\sdl\SDL_thread.h">
      <Filter>Headerdateien</Filter>
    </ClInclude>
    <ClInclude Include="vendor\sdl\SDL_time.h">
      <Filter>Headerdateien</Filter>
    </ClInclude>
    <ClInclude Include="vendor\sdl\SDL_timer.h">
      <Filter>Headerdateien</Filter>
    </ClInclude>
    <ClInclude Include="vendor\sdl\SDL_touch.h">
      <Filter>Headerdateien</Filter>
    </ClInclude>
    <ClInclude Include="vendor\sdl\SDL_tray.h">
      <Filter>Headerdateien</Filter>
    </ClInclude>
    <ClInclude Include="vendor\sdl\SDL_version.h">
      <Filter>Headerdateien</Filter>
    </ClInclude>
    <ClInclude Include="vendor\sdl\SDL_video.h">
      <Filter>Headerdateien</Filter>
    </ClInclude>
    <ClInclude Include="vendor\sdl\SDL_vulkan.h">
      <Filter>Headerdateien</Filter>
    </ClInclude>
    <ClInclude Include="vendor\glad\glad.h">
      <Filter>Headerdateien</Filter>
    </ClInclude>
    <ClInclude Include="vendor\KHR\khrplatform.h">
      <Filter>Headerdateien</Filter>
    </ClInclude>
    <ClInclude Include="vendor\imgui\imgui_impl_opengl3_loader.h">
      <Filter>Headerdateien</Filter>
    </ClInclude>
    <ClInclude Include="opengl_hook.h">
      <Filter>Headerdateien</Filter>
    </ClInclude>
    <ClInclude Include="globals.h">
      <Filter>Headerdateien</Filter>
    </ClInclude>
    <ClInclude Include="JNI\classfile_constants.h">
      <Filter>Headerdateien</Filter>
    </ClInclude>
    <ClInclude Include="JNI\jawt.h">
      <Filter>Headerdateien</Filter>
    </ClInclude>
    <ClInclude Include="JNI\jawt_md.h">
      <Filter>Headerdateien</Filter>
    </ClInclude>
    <ClInclude Include="JNI\jdwpTransport.h">
      <Filter>Headerdateien</Filter>
    </ClInclude>
    <ClInclude Include="JNI\jni.h">
      <Filter>Headerdateien</Filter>
    </ClInclude>
    <ClInclude Include="JNI\jni_md.h">
      <Filter>Headerdateien</Filter>
    </ClInclude>
    <ClInclude Include="JNI\jvmti.h">
      <Filter>Headerdateien</Filter>
    </ClInclude>
    <ClInclude Include="JNI\jvmticmlr.h">
      <Filter>Headerdateien</Filter>
    </ClInclude>
    <ClInclude Include="utils.h">
      <Filter>Headerdateien</Filter>
    </ClInclude>
  </ItemGroup>
  <ItemGroup>
    <Library Include="vendor\minhook\libMinHook.x64.lib" />
    <Library Include="vendor\sdl\SDL3.lib" />
    <Library Include="JNI\jvm.lib" />
  </ItemGroup>
  <ItemGroup>
    <Font Include="fonts\arial.ttf" />
    <Font Include="fonts\arialbd.ttf" />
    <Font Include="fonts\arialbi.ttf" />
    <Font Include="fonts\ariali.ttf" />
    <Font Include="fonts\ARIALN.TTF" />
    <Font Include="fonts\ARIALNB.TTF" />
    <Font Include="fonts\ARIALNBI.TTF" />
    <Font Include="fonts\ARIALNI.TTF" />
    <Font Include="fonts\ariblk.ttf" />
  </ItemGroup>
</Project>